
Microsoft Visual Studio Solution File, Format Version 12.00
# Visual Studio Version 17
VisualStudioVersion = 17.12.35527.113 d17.12
MinimumVisualStudioVersion = 10.0.40219.1
Project("{FAE04EC0-301F-11D3-BF4B-00C04F79EFBC}") = "KeyLoggerServer", "KeyLoggerServer\KeyLoggerServer.csproj", "{3EC1A282-6330-4F85-BFB1-76216913ABE9}"
EndProject
Project("{FAE04EC0-301F-11D3-BF4B-00C04F79EFBC}") = "KeyLoggerClient", "KeyLoggerClient\KeyLoggerClient.csproj", "{217753CF-1DA4-4CFB-8A2C-CD1BAC1F1FFE}"
EndProject
Global
	GlobalSection(SolutionConfigurationPlatforms) = preSolution
		Debug|Any CPU = Debug|Any CPU
		Release|Any CPU = Release|Any CPU
	EndGlobalSection
	GlobalSection(ProjectConfigurationPlatforms) = postSolution
		{3EC1A282-6330-4F85-BFB1-76216913ABE9}.Debug|Any CPU.ActiveCfg = Debug|Any CPU
		{3EC1A282-6330-4F85-BFB1-76216913ABE9}.Debug|Any CPU.Build.0 = Debug|Any CPU
		{3EC1A282-6330-4F85-BFB1-76216913ABE9}.Release|Any CPU.ActiveCfg = Release|Any CPU
		{3EC1A282-6330-4F85-BFB1-76216913ABE9}.Release|Any CPU.Build.0 = Release|Any CPU
		{217753CF-1DA4-4CFB-8A2C-CD1BAC1F1FFE}.Debug|Any CPU.ActiveCfg = Debug|Any CPU
		{217753CF-1DA4-4CFB-8A2C-CD1BAC1F1FFE}.Debug|Any CPU.Build.0 = Debug|Any CPU
		{217753CF-1DA4-4CFB-8A2C-CD1BAC1F1FFE}.Release|Any CPU.ActiveCfg = Release|Any CPU
		{217753CF-1DA4-4CFB-8A2C-CD1BAC1F1FFE}.Release|Any CPU.Build.0 = Release|Any CPU
	EndGlobalSection
	GlobalSection(SolutionProperties) = preSolution
		HideSolutionNode = FALSE
	EndGlobalSection
EndGlobal
